
Microsoft Visual Studio Solution File, Format Version 12.00
# Visual Studio 15
VisualStudioVersion = 15.0.26124.0
MinimumVisualStudioVersion = 15.0.26124.0
Project("{FAE04EC0-301F-11D3-BF4B-00C04F79EFBC}") = "CrossCutting", "Api.CrossCutting\CrossCutting.csproj", "{9F19F403-E1DB-4CD8-9AB7-4FE84626A7AB}"
EndProject
Project("{FAE04EC0-301F-11D3-BF4B-00C04F79EFBC}") = "Application", "Api.Application\Application.csproj", "{F0C26C91-0209-4009-A350-F65C5413B3AE}"
EndProject
Project("{FAE04EC0-301F-11D3-BF4B-00C04F79EFBC}") = "Domain", "Api.Domain\Domain.csproj", "{D19CE004-0C29-4564-8CF9-0D0784EBD61B}"
EndProject
Project("{FAE04EC0-301F-11D3-BF4B-00C04F79EFBC}") = "Data", "Api.Data\Data.csproj", "{31746EB5-55CE-4AAC-BF42-3CB394F0AC7C}"
EndProject
Project("{FAE04EC0-301F-11D3-BF4B-00C04F79EFBC}") = "Service", "Api.Service\Service.csproj", "{37FE7A5E-B534-4F50-B806-D66BFADE531F}"
EndProject
Project("{2150E333-8FDC-42A3-9474-1A3956D46DE8}") = "Tests", "Tests", "{31EF74AE-C968-4101-86AD-2E26DE5AFB11}"
EndProject
Project("{FAE04EC0-301F-11D3-BF4B-00C04F79EFBC}") = "Api.Service.Tests", "Tests\Api.Service.Tests\Api.Service.Tests.csproj", "{4BB9D3D5-6F85-420A-BD56-118643345EF4}"
EndProject
Project("{FAE04EC0-301F-11D3-BF4B-00C04F79EFBC}") = "Api.Service.Tests", "Api.Service.Tests\Api.Service.Tests.csproj", "{33693628-8F20-451F-B3EF-D13346B7BCAC}"
EndProject
Project("{FAE04EC0-301F-11D3-BF4B-00C04F79EFBC}") = "Api.Data.Test", "Api.Data.Test\Api.Data.Test.csproj", "{F3299227-21D9-45C0-87B9-D155DEA049E1}"
EndProject
Project("{FAE04EC0-301F-11D3-BF4B-00C04F79EFBC}") = "Api.Application.Test", "Api.Application.Test\Api.Application.Test.csproj", "{85A968CF-90CD-483F-9E1E-0852C992D7FF}"
EndProject
Global
	GlobalSection(SolutionConfigurationPlatforms) = preSolution
		Debug|Any CPU = Debug|Any CPU
		Debug|x64 = Debug|x64
		Debug|x86 = Debug|x86
		Release|Any CPU = Release|Any CPU
		Release|x64 = Release|x64
		Release|x86 = Release|x86
	EndGlobalSection
	GlobalSection(SolutionProperties) = preSolution
		HideSolutionNode = FALSE
	EndGlobalSection
	GlobalSection(ProjectConfigurationPlatforms) = postSolution
		{9F19F403-E1DB-4CD8-9AB7-4FE84626A7AB}.Debug|Any CPU.ActiveCfg = Debug|Any CPU
		{9F19F403-E1DB-4CD8-9AB7-4FE84626A7AB}.Debug|Any CPU.Build.0 = Debug|Any CPU
		{9F19F403-E1DB-4CD8-9AB7-4FE84626A7AB}.Debug|x64.ActiveCfg = Debug|Any CPU
		{9F19F403-E1DB-4CD8-9AB7-4FE84626A7AB}.Debug|x64.Build.0 = Debug|Any CPU
		{9F19F403-E1DB-4CD8-9AB7-4FE84626A7AB}.Debug|x86.ActiveCfg = Debug|Any CPU
		{9F19F403-E1DB-4CD8-9AB7-4FE84626A7AB}.Debug|x86.Build.0 = Debug|Any CPU
		{9F19F403-E1DB-4CD8-9AB7-4FE84626A7AB}.Release|Any CPU.ActiveCfg = Release|Any CPU
		{9F19F403-E1DB-4CD8-9AB7-4FE84626A7AB}.Release|Any CPU.Build.0 = Release|Any CPU
		{9F19F403-E1DB-4CD8-9AB7-4FE84626A7AB}.Release|x64.ActiveCfg = Release|Any CPU
		{9F19F403-E1DB-4CD8-9AB7-4FE84626A7AB}.Release|x64.Build.0 = Release|Any CPU
		{9F19F403-E1DB-4CD8-9AB7-4FE84626A7AB}.Release|x86.ActiveCfg = Release|Any CPU
		{9F19F403-E1DB-4CD8-9AB7-4FE84626A7AB}.Release|x86.Build.0 = Release|Any CPU
		{F0C26C91-0209-4009-A350-F65C5413B3AE}.Debug|Any CPU.ActiveCfg = Debug|Any CPU
		{F0C26C91-0209-4009-A350-F65C5413B3AE}.Debug|Any CPU.Build.0 = Debug|Any CPU
		{F0C26C91-0209-4009-A350-F65C5413B3AE}.Debug|x64.ActiveCfg = Debug|Any CPU
		{F0C26C91-0209-4009-A350-F65C5413B3AE}.Debug|x64.Build.0 = Debug|Any CPU
		{F0C26C91-0209-4009-A350-F65C5413B3AE}.Debug|x86.ActiveCfg = Debug|Any CPU
		{F0C26C91-0209-4009-A350-F65C5413B3AE}.Debug|x86.Build.0 = Debug|Any CPU
		{F0C26C91-0209-4009-A350-F65C5413B3AE}.Release|Any CPU.ActiveCfg = Release|Any CPU
		{F0C26C91-0209-4009-A350-F65C5413B3AE}.Release|Any CPU.Build.0 = Release|Any CPU
		{F0C26C91-0209-4009-A350-F65C5413B3AE}.Release|x64.ActiveCfg = Release|Any CPU
		{F0C26C91-0209-4009-A350-F65C5413B3AE}.Release|x64.Build.0 = Release|Any CPU
		{F0C26C91-0209-4009-A350-F65C5413B3AE}.Release|x86.ActiveCfg = Release|Any CPU
		{F0C26C91-0209-4009-A350-F65C5413B3AE}.Release|x86.Build.0 = Release|Any CPU
		{D19CE004-0C29-4564-8CF9-0D0784EBD61B}.Debug|Any CPU.ActiveCfg = Debug|Any CPU
		{D19CE004-0C29-4564-8CF9-0D0784EBD61B}.Debug|Any CPU.Build.0 = Debug|Any CPU
		{D19CE004-0C29-4564-8CF9-0D0784EBD61B}.Debug|x64.ActiveCfg = Debug|Any CPU
		{D19CE004-0C29-4564-8CF9-0D0784EBD61B}.Debug|x64.Build.0 = Debug|Any CPU
		{D19CE004-0C29-4564-8CF9-0D0784EBD61B}.Debug|x86.ActiveCfg = Debug|Any CPU
		{D19CE004-0C29-4564-8CF9-0D0784EBD61B}.Debug|x86.Build.0 = Debug|Any CPU
		{D19CE004-0C29-4564-8CF9-0D0784EBD61B}.Release|Any CPU.ActiveCfg = Release|Any CPU
		{D19CE004-0C29-4564-8CF9-0D0784EBD61B}.Release|Any CPU.Build.0 = Release|Any CPU
		{D19CE004-0C29-4564-8CF9-0D0784EBD61B}.Release|x64.ActiveCfg = Release|Any CPU
		{D19CE004-0C29-4564-8CF9-0D0784EBD61B}.Release|x64.Build.0 = Release|Any CPU
		{D19CE004-0C29-4564-8CF9-0D0784EBD61B}.Release|x86.ActiveCfg = Release|Any CPU
		{D19CE004-0C29-4564-8CF9-0D0784EBD61B}.Release|x86.Build.0 = Release|Any CPU
		{31746EB5-55CE-4AAC-BF42-3CB394F0AC7C}.Debug|Any CPU.ActiveCfg = Debug|Any CPU
		{31746EB5-55CE-4AAC-BF42-3CB394F0AC7C}.Debug|Any CPU.Build.0 = Debug|Any CPU
		{31746EB5-55CE-4AAC-BF42-3CB394F0AC7C}.Debug|x64.ActiveCfg = Debug|Any CPU
		{31746EB5-55CE-4AAC-BF42-3CB394F0AC7C}.Debug|x64.Build.0 = Debug|Any CPU
		{31746EB5-55CE-4AAC-BF42-3CB394F0AC7C}.Debug|x86.ActiveCfg = Debug|Any CPU
		{31746EB5-55CE-4AAC-BF42-3CB394F0AC7C}.Debug|x86.Build.0 = Debug|Any CPU
		{31746EB5-55CE-4AAC-BF42-3CB394F0AC7C}.Release|Any CPU.ActiveCfg = Release|Any CPU
		{31746EB5-55CE-4AAC-BF42-3CB394F0AC7C}.Release|Any CPU.Build.0 = Release|Any CPU
		{31746EB5-55CE-4AAC-BF42-3CB394F0AC7C}.Release|x64.ActiveCfg = Release|Any CPU
		{31746EB5-55CE-4AAC-BF42-3CB394F0AC7C}.Release|x64.Build.0 = Release|Any CPU
		{31746EB5-55CE-4AAC-BF42-3CB394F0AC7C}.Release|x86.ActiveCfg = Release|Any CPU
		{31746EB5-55CE-4AAC-BF42-3CB394F0AC7C}.Release|x86.Build.0 = Release|Any CPU
		{37FE7A5E-B534-4F50-B806-D66BFADE531F}.Debug|Any CPU.ActiveCfg = Debug|Any CPU
		{37FE7A5E-B534-4F50-B806-D66BFADE531F}.Debug|Any CPU.Build.0 = Debug|Any CPU
		{37FE7A5E-B534-4F50-B806-D66BFADE531F}.Debug|x64.ActiveCfg = Debug|Any CPU
		{37FE7A5E-B534-4F50-B806-D66BFADE531F}.Debug|x64.Build.0 = Debug|Any CPU
		{37FE7A5E-B534-4F50-B806-D66BFADE531F}.Debug|x86.ActiveCfg = Debug|Any CPU
		{37FE7A5E-B534-4F50-B806-D66BFADE531F}.Debug|x86.Build.0 = Debug|Any CPU
		{37FE7A5E-B534-4F50-B806-D66BFADE531F}.Release|Any CPU.ActiveCfg = Release|Any CPU
		{37FE7A5E-B534-4F50-B806-D66BFADE531F}.Release|Any CPU.Build.0 = Release|Any CPU
		{37FE7A5E-B534-4F50-B806-D66BFADE531F}.Release|x64.ActiveCfg = Release|Any CPU
		{37FE7A5E-B534-4F50-B806-D66BFADE531F}.Release|x64.Build.0 = Release|Any CPU
		{37FE7A5E-B534-4F50-B806-D66BFADE531F}.Release|x86.ActiveCfg = Release|Any CPU
		{37FE7A5E-B534-4F50-B806-D66BFADE531F}.Release|x86.Build.0 = Release|Any CPU
		{4BB9D3D5-6F85-420A-BD56-118643345EF4}.Debug|Any CPU.ActiveCfg = Debug|Any CPU
		{4BB9D3D5-6F85-420A-BD56-118643345EF4}.Debug|Any CPU.Build.0 = Debug|Any CPU
		{4BB9D3D5-6F85-420A-BD56-118643345EF4}.Debug|x64.ActiveCfg = Debug|Any CPU
		{4BB9D3D5-6F85-420A-BD56-118643345EF4}.Debug|x64.Build.0 = Debug|Any CPU
		{4BB9D3D5-6F85-420A-BD56-118643345EF4}.Debug|x86.ActiveCfg = Debug|Any CPU
		{4BB9D3D5-6F85-420A-BD56-118643345EF4}.Debug|x86.Build.0 = Debug|Any CPU
		{4BB9D3D5-6F85-420A-BD56-118643345EF4}.Release|Any CPU.ActiveCfg = Release|Any CPU
		{4BB9D3D5-6F85-420A-BD56-118643345EF4}.Release|Any CPU.Build.0 = Release|Any CPU
		{4BB9D3D5-6F85-420A-BD56-118643345EF4}.Release|x64.ActiveCfg = Release|Any CPU
		{4BB9D3D5-6F85-420A-BD56-118643345EF4}.Release|x64.Build.0 = Release|Any CPU
		{4BB9D3D5-6F85-420A-BD56-118643345EF4}.Release|x86.ActiveCfg = Release|Any CPU
		{4BB9D3D5-6F85-420A-BD56-118643345EF4}.Release|x86.Build.0 = Release|Any CPU
		{33693628-8F20-451F-B3EF-D13346B7BCAC}.Debug|Any CPU.ActiveCfg = Debug|Any CPU
		{33693628-8F20-451F-B3EF-D13346B7BCAC}.Debug|Any CPU.Build.0 = Debug|Any CPU
		{33693628-8F20-451F-B3EF-D13346B7BCAC}.Debug|x64.ActiveCfg = Debug|Any CPU
		{33693628-8F20-451F-B3EF-D13346B7BCAC}.Debug|x64.Build.0 = Debug|Any CPU
		{33693628-8F20-451F-B3EF-D13346B7BCAC}.Debug|x86.ActiveCfg = Debug|Any CPU
		{33693628-8F20-451F-B3EF-D13346B7BCAC}.Debug|x86.Build.0 = Debug|Any CPU
		{33693628-8F20-451F-B3EF-D13346B7BCAC}.Release|Any CPU.ActiveCfg = Release|Any CPU
		{33693628-8F20-451F-B3EF-D13346B7BCAC}.Release|Any CPU.Build.0 = Release|Any CPU
		{33693628-8F20-451F-B3EF-D13346B7BCAC}.Release|x64.ActiveCfg = Release|Any CPU
		{33693628-8F20-451F-B3EF-D13346B7BCAC}.Release|x64.Build.0 = Release|Any CPU
		{33693628-8F20-451F-B3EF-D13346B7BCAC}.Release|x86.ActiveCfg = Release|Any CPU
		{33693628-8F20-451F-B3EF-D13346B7BCAC}.Release|x86.Build.0 = Release|Any CPU
		{F3299227-21D9-45C0-87B9-D155DEA049E1}.Debug|Any CPU.ActiveCfg = Debug|Any CPU
		{F3299227-21D9-45C0-87B9-D155DEA049E1}.Debug|Any CPU.Build.0 = Debug|Any CPU
		{F3299227-21D9-45C0-87B9-D155DEA049E1}.Debug|x64.ActiveCfg = Debug|Any CPU
		{F3299227-21D9-45C0-87B9-D155DEA049E1}.Debug|x64.Build.0 = Debug|Any CPU
		{F3299227-21D9-45C0-87B9-D155DEA049E1}.Debug|x86.ActiveCfg = Debug|Any CPU
		{F3299227-21D9-45C0-87B9-D155DEA049E1}.Debug|x86.Build.0 = Debug|Any CPU
		{F3299227-21D9-45C0-87B9-D155DEA049E1}.Release|Any CPU.ActiveCfg = Release|Any CPU
		{F3299227-21D9-45C0-87B9-D155DEA049E1}.Release|Any CPU.Build.0 = Release|Any CPU
		{F3299227-21D9-45C0-87B9-D155DEA049E1}.Release|x64.ActiveCfg = Release|Any CPU
		{F3299227-21D9-45C0-87B9-D155DEA049E1}.Release|x64.Build.0 = Release|Any CPU
		{F3299227-21D9-45C0-87B9-D155DEA049E1}.Release|x86.ActiveCfg = Release|Any CPU
		{F3299227-21D9-45C0-87B9-D155DEA049E1}.Release|x86.Build.0 = Release|Any CPU
		{85A968CF-90CD-483F-9E1E-0852C992D7FF}.Debug|Any CPU.ActiveCfg = Debug|Any CPU
		{85A968CF-90CD-483F-9E1E-0852C992D7FF}.Debug|Any CPU.Build.0 = Debug|Any CPU
		{85A968CF-90CD-483F-9E1E-0852C992D7FF}.Debug|x64.ActiveCfg = Debug|Any CPU
		{85A968CF-90CD-483F-9E1E-0852C992D7FF}.Debug|x64.Build.0 = Debug|Any CPU
		{85A968CF-90CD-483F-9E1E-0852C992D7FF}.Debug|x86.ActiveCfg = Debug|Any CPU
		{85A968CF-90CD-483F-9E1E-0852C992D7FF}.Debug|x86.Build.0 = Debug|Any CPU
		{85A968CF-90CD-483F-9E1E-0852C992D7FF}.Release|Any CPU.ActiveCfg = Release|Any CPU
		{85A968CF-90CD-483F-9E1E-0852C992D7FF}.Release|Any CPU.Build.0 = Release|Any CPU
		{85A968CF-90CD-483F-9E1E-0852C992D7FF}.Release|x64.ActiveCfg = Release|Any CPU
		{85A968CF-90CD-483F-9E1E-0852C992D7FF}.Release|x64.Build.0 = Release|Any CPU
		{85A968CF-90CD-483F-9E1E-0852C992D7FF}.Release|x86.ActiveCfg = Release|Any CPU
		{85A968CF-90CD-483F-9E1E-0852C992D7FF}.Release|x86.Build.0 = Release|Any CPU
	EndGlobalSection
	GlobalSection(NestedProjects) = preSolution
		{4BB9D3D5-6F85-420A-BD56-118643345EF4} = {31EF74AE-C968-4101-86AD-2E26DE5AFB11}
	EndGlobalSection
EndGlobal
